// !$*UTF8*$!
{
	archiveVersion = 1;
	classes = {
	};
	objectVersion = 50;
	objects = {

/* Begin PBXBuildFile section */
		91E3CA2E260318EA009ADE9F /* AppDelegate.swift in Sources */ = {isa = PBXBuildFile; fileRef = 91E3CA2D260318EA009ADE9F /* AppDelegate.swift */; };
		91E3CA30260318EA009ADE9F /* SceneDelegate.swift in Sources */ = {isa = PBXBuildFile; fileRef = 91E3CA2F260318EA009ADE9F /* SceneDelegate.swift */; };
		91E3CA32260318EA009ADE9F /* ViewController.swift in Sources */ = {isa = PBXBuildFile; fileRef = 91E3CA31260318EA009ADE9F /* ViewController.swift */; };
		91E3CA35260318EA009ADE9F /* Main.storyboard in Resources */ = {isa = PBXBuildFile; fileRef = 91E3CA33260318EA009ADE9F /* Main.storyboard */; };
		91E3CA37260318EB009ADE9F /* Assets.xcassets in Resources */ = {isa = PBXBuildFile; fileRef = 91E3CA36260318EB009ADE9F /* Assets.xcassets */; };
		91E3CA3A260318EB009ADE9F /* LaunchScreen.storyboard in Resources */ = {isa = PBXBuildFile; fileRef = 91E3CA38260318EB009ADE9F /* LaunchScreen.storyboard */; };
		91E3CA4626038F73009ADE9F /* ArrayClassViewController.swift in Sources */ = {isa = PBXBuildFile; fileRef = 91E3CA4526038F73009ADE9F /* ArrayClassViewController.swift */; };
		91E3CA49260397E6009ADE9F /* Subcell.swift in Sources */ = {isa = PBXBuildFile; fileRef = 91E3CA48260397E6009ADE9F /* Subcell.swift */; };
		91E3CA4C2603B3FE009ADE9F /* SelecctedSubViewController.swift in Sources */ = {isa = PBXBuildFile; fileRef = 91E3CA4B2603B3FE009ADE9F /* SelecctedSubViewController.swift */; };
		91E3CA4F2603B550009ADE9F /* DoneViewController.swift in Sources */ = {isa = PBXBuildFile; fileRef = 91E3CA4E2603B550009ADE9F /* DoneViewController.swift */; };
/* End PBXBuildFile section */

/* Begin PBXFileReference section */
		91E3CA2A260318EA009ADE9F /* Course Registration.app */ = {isa = PBXFileReference; explicitFileType = wrapper.application; includeInIndex = 0; path = "Course Registration.app"; sourceTree = BUILT_PRODUCTS_DIR; };
		91E3CA2D260318EA009ADE9F /* AppDelegate.swift */ = {isa = PBXFileReference; lastKnownFileType = sourcecode.swift; path = AppDelegate.swift; sourceTree = "<group>"; };
		91E3CA2F260318EA009ADE9F /* SceneDelegate.swift */ = {isa = PBXFileReference; lastKnownFileType = sourcecode.swift; path = SceneDelegate.swift; sourceTree = "<group>"; };
		91E3CA31260318EA009ADE9F /* ViewController.swift */ = {isa = PBXFileReference; lastKnownFileType = sourcecode.swift; path = ViewController.swift; sourceTree = "<group>"; };
		91E3CA34260318EA009ADE9F /* Base */ = {isa = PBXFileReference; lastKnownFileType = file.storyboard; name = Base; path = Base.lproj/Main.storyboard; sourceTree = "<group>"; };
		91E3CA36260318EB009ADE9F /* Assets.xcassets */ = {isa = PBXFileReference; lastKnownFileType = folder.assetcatalog; path = Assets.xcassets; sourceTree = "<group>"; };
		91E3CA39260318EB009ADE9F /* Base */ = {isa = PBXFileReference; lastKnownFileType = file.storyboard; name = Base; path = Base.lproj/LaunchScreen.storyboard; sourceTree = "<group>"; };
		91E3CA3B260318EB009ADE9F /* Info.plist */ = {isa = PBXFileReference; lastKnownFileType = text.plist.xml; path = Info.plist; sourceTree = "<group>"; };
		91E3CA4526038F73009ADE9F /* ArrayClassViewController.swift */ = {isa = PBXFileReference; lastKnownFileType = sourcecode.swift; path = ArrayClassViewController.swift; sourceTree = "<group>"; };
		91E3CA48260397E6009ADE9F /* Subcell.swift */ = {isa = PBXFileReference; lastKnownFileType = sourcecode.swift; path = Subcell.swift; sourceTree = "<group>"; };
		91E3CA4B2603B3FE009ADE9F /* SelecctedSubViewController.swift */ = {isa = PBXFileReference; lastKnownFileType = sourcecode.swift; path = SelecctedSubViewController.swift; sourceTree = "<group>"; };
		91E3CA4E2603B550009ADE9F /* DoneViewController.swift */ = {isa = PBXFileReference; lastKnownFileType = sourcecode.swift; path = DoneViewController.swift; sourceTree = "<group>"; };
/* End PBXFileReference section */

/* Begin PBXFrameworksBuildPhase section */
		91E3CA27260318EA009ADE9F /* Frameworks */ = {
			isa = PBXFrameworksBuildPhase;
			buildActionMask = 2147483647;
			files = (
			);
			runOnlyForDeploymentPostprocessing = 0;
		};
/* End PBXFrameworksBuildPhase section */

/* Begin PBXGroup section */
		91E3CA21260318E9009ADE9F = {
			isa = PBXGroup;
			children = (
				91E3CA2C260318EA009ADE9F /* Course Registration */,
				91E3CA2B260318EA009ADE9F /* Products */,
			);
			sourceTree = "<group>";
		};
		91E3CA2B260318EA009ADE9F /* Products */ = {
			isa = PBXGroup;
			children = (
				91E3CA2A260318EA009ADE9F /* Course Registration.app */,
			);
			name = Products;
			sourceTree = "<group>";
		};
		91E3CA2C260318EA009ADE9F /* Course Registration */ = {
			isa = PBXGroup;
			children = (
				91E3CA2D260318EA009ADE9F /* AppDelegate.swift */,
				91E3CA2F260318EA009ADE9F /* SceneDelegate.swift */,
				91E3CA31260318EA009ADE9F /* ViewController.swift */,
				91E3CA33260318EA009ADE9F /* Main.storyboard */,
				91E3CA36260318EB009ADE9F /* Assets.xcassets */,
				91E3CA38260318EB009ADE9F /* LaunchScreen.storyboard */,
				91E3CA3B260318EB009ADE9F /* Info.plist */,
				91E3CA4526038F73009ADE9F /* ArrayClassViewController.swift */,
				91E3CA48260397E6009ADE9F /* Subcell.swift */,
				91E3CA4B2603B3FE009ADE9F /* SelecctedSubViewController.swift */,
				91E3CA4E2603B550009ADE9F /* DoneViewController.swift */,
			);
			path = "Course Registration";
			sourceTree = "<group>";
		};
/* End PBXGroup section */

/* Begin PBXNativeTarget section */
		91E3CA29260318EA009ADE9F /* Course Registration */ = {
			isa = PBXNativeTarget;
			buildConfigurationList = 91E3CA3E260318EB009ADE9F /* Build configuration list for PBXNativeTarget "Course Registration" */;
			buildPhases = (
				91E3CA26260318EA009ADE9F /* Sources */,
				91E3CA27260318EA009ADE9F /* Frameworks */,
				91E3CA28260318EA009ADE9F /* Resources */,
			);
			buildRules = (
			);
			dependencies = (
			);
			name = "Course Registration";
			productName = "Course Registration";
			productReference = 91E3CA2A260318EA009ADE9F /* Course Registration.app */;
			productType = "com.apple.product-type.application";
		};
/* End PBXNativeTarget section */

/* Begin PBXProject section */
		91E3CA22260318E9009ADE9F /* Project object */ = {
			isa = PBXProject;
			attributes = {
				LastSwiftUpdateCheck = 1240;
				LastUpgradeCheck = 1240;
				TargetAttributes = {
					91E3CA29260318EA009ADE9F = {
						CreatedOnToolsVersion = 12.4;
					};
				};
			};
			buildConfigurationList = 91E3CA25260318E9009ADE9F /* Build configuration list for PBXProject "Course Registration" */;
			compatibilityVersion = "Xcode 9.3";
			developmentRegion = en;
			hasScannedForEncodings = 0;
			knownRegions = (
				en,
				Base,
			);
			mainGroup = 91E3CA21260318E9009ADE9F;
			productRefGroup = 91E3CA2B260318EA009ADE9F /* Products */;
			projectDirPath = "";
			projectRoot = "";
			targets = (
				91E3CA29260318EA009ADE9F /* Course Registration */,
			);
		};
/* End PBXProject section */

/* Begin PBXResourcesBuildPhase section */
		91E3CA28260318EA009ADE9F /* Resources */ = {
			isa = PBXResourcesBuildPhase;
			buildActionMask = 2147483647;
			files = (
				91E3CA3A260318EB009ADE9F /* LaunchScreen.storyboard in Resources */,
				91E3CA37260318EB009ADE9F /* Assets.xcassets in Resources */,
				91E3CA35260318EA009ADE9F /* Main.storyboard in Resources */,
			);
			runOnlyForDeploymentPostprocessing = 0;
		};
/* End PBXResourcesBuildPhase section */

/* Begin PBXSourcesBuildPhase section */
		91E3CA26260318EA009ADE9F /* Sources */ = {
			isa = PBXSourcesBuildPhase;
			buildActionMask = 2147483647;
			files = (
				91E3CA4F2603B550009ADE9F /* DoneViewController.swift in Sources */,
				91E3CA32260318EA009ADE9F /* ViewController.swift in Sources */,
				91E3CA4626038F73009ADE9F /* ArrayClassViewController.swift in Sources */,
				91E3CA2E260318EA009ADE9F /* AppDelegate.swift in Sources */,
				91E3CA30260318EA009ADE9F /* SceneDelegate.swift in Sources */,
				91E3CA4C2603B3FE009ADE9F /* SelecctedSubViewController.swift in Sources */,
				91E3CA49260397E6009ADE9F /* Subcell.swift in Sources */,
			);
			runOnlyForDeploymentPostprocessing = 0;
		};
/* End PBXSourcesBuildPhase section */

/* Begin PBXVariantGroup section */
		91E3CA33260318EA009ADE9F /* Main.storyboard */ = {
			isa = PBXVariantGroup;
			children = (
				91E3CA34260318EA009ADE9F /* Base */,
			);
			name = Main.storyboard;
			sourceTree = "<group>";
		};
		91E3CA38260318EB009ADE9F /* LaunchScreen.storyboard */ = {
			isa = PBXVariantGroup;
			children = (
				91E3CA39260318EB009ADE9F /* Base */,
			);
			name = LaunchScreen.storyboard;
			sourceTree = "<group>";
		};
/* End PBXVariantGroup section */

/* Begin XCBuildConfiguration section */
		91E3CA3C260318EB009ADE9F /* Debug */ = {
			isa = XCBuildConfiguration;
			buildSettings = {
				ALWAYS_SEARCH_USER_PATHS = NO;
				CLANG_ANALYZER_NONNULL = YES;
				CLANG_ANALYZER_NUMBER_OBJECT_CONVERSION = YES_AGGRESSIVE;
				CLANG_CXX_LANGUAGE_STANDARD = "gnu++14";
				CLANG_CXX_LIBRARY = "libc++";
				CLANG_ENABLE_MODULES = YES;
				CLANG_ENABLE_OBJC_ARC = YES;
				CLANG_ENABLE_OBJC_WEAK = YES;
				CLANG_WARN_BLOCK_CAPTURE_AUTORELEASING = YES;
				CLANG_WARN_BOOL_CONVERSION = YES;
				CLANG_WARN_COMMA = YES;
				CLANG_WARN_CONSTANT_CONVERSION = YES;
				CLANG_WARN_DEPRECATED_OBJC_IMPLEMENTATIONS = YES;
				CLANG_WARN_DIRECT_OBJC_ISA_USAGE = YES_ERROR;
				CLANG_WARN_DOCUMENTATION_COMMENTS = YES;
				CLANG_WARN_EMPTY_BODY = YES;
				CLANG_WARN_ENUM_CONVERSION = YES;
				CLANG_WARN_INFINITE_RECURSION = YES;
				CLANG_WARN_INT_CONVERSION = YES;
				CLANG_WARN_NON_LITERAL_NULL_CONVERSION = YES;
				CLANG_WARN_OBJC_IMPLICIT_RETAIN_SELF = YES;
				CLANG_WARN_OBJC_LITERAL_CONVERSION = YES;
				CLANG_WARN_OBJC_ROOT_CLASS = YES_ERROR;
				CLANG_WARN_QUOTED_INCLUDE_IN_FRAMEWORK_HEADER = YES;
				CLANG_WARN_RANGE_LOOP_ANALYSIS = YES;
				CLANG_WARN_STRICT_PROTOTYPES = YES;
				CLANG_WARN_SUSPICIOUS_MOVE = YES;
				CLANG_WARN_UNGUARDED_AVAILABILITY = YES_AGGRESSIVE;
				CLANG_WARN_UNREACHABLE_CODE = YES;
				CLANG_WARN__DUPLICATE_METHOD_MATCH = YES;
				COPY_PHASE_STRIP = NO;
				DEBUG_INFORMATION_FORMAT = dwarf;
				ENABLE_STRICT_OBJC_MSGSEND = YES;
				ENABLE_TESTABILITY = YES;
				GCC_C_LANGUAGE_STANDARD = gnu11;
				GCC_DYNAMIC_NO_PIC = NO;
				GCC_NO_COMMON_BLOCKS = YES;
				GCC_OPTIMIZATION_LEVEL = 0;
				GCC_PREPROCESSOR_DEFINITIONS = (
					"DEBUG=1",
					"$(inherited)",
				);
				GCC_WARN_64_TO_32_BIT_CONVERSION = YES;
				GCC_WARN_ABOUT_RETURN_TYPE = YES_ERROR;
				GCC_WARN_UNDECLARED_SELECTOR = YES;
				GCC_WARN_UNINITIALIZED_AUTOS = YES_AGGRESSIVE;
				GCC_WARN_UNUSED_FUNCTION = YES;
				GCC_WARN_UNUSED_VARIABLE = YES;
				IPHONEOS_DEPLOYMENT_TARGET = 14.4;
				MTL_ENABLE_DEBUG_INFO = INCLUDE_SOURCE;
				MTL_FAST_MATH = YES;
				ONLY_ACTIVE_ARCH = YES;
				SDKROOT = iphoneos;
				SWIFT_ACTIVE_COMPILATION_CONDITIONS = DEBUG;
				SWIFT_OPTIMIZATION_LEVEL = "-Onone";
			};
			name = Debug;
		};
		91E3CA3D260318EB009ADE9F /* Release */ = {
			isa = XCBuildConfiguration;
			buildSettings = {
				ALWAYS_SEARCH_USER_PATHS = NO;
				CLANG_ANALYZER_NONNULL = YES;
				CLANG_ANALYZER_NUMBER_OBJECT_CONVERSION = YES_AGGRESSIVE;
				CLANG_CXX_LANGUAGE_STANDARD = "gnu++14";
				CLANG_CXX_LIBRARY = "libc++";
				CLANG_ENABLE_MODULES = YES;
				CLANG_ENABLE_OBJC_ARC = YES;
				CLANG_ENABLE_OBJC_WEAK = YES;
				CLANG_WARN_BLOCK_CAPTURE_AUTORELEASING = YES;
				CLANG_WARN_BOOL_CONVERSION = YES;
				CLANG_WARN_COMMA = YES;
				CLANG_WARN_CONSTANT_CONVERSION = YES;
				CLANG_WARN_DEPRECATED_OBJC_IMPLEMENTATIONS = YES;
				CLANG_WARN_DIRECT_OBJC_ISA_USAGE = YES_ERROR;
				CLANG_WARN_DOCUMENTATION_COMMENTS = YES;
				CLANG_WARN_EMPTY_BODY = YES;
				CLANG_WARN_ENUM_CONVERSION = YES;
				CLANG_WARN_INFINITE_RECURSION = YES;
				CLANG_WARN_INT_CONVERSION = YES;
				CLANG_WARN_NON_LITERAL_NULL_CONVERSION = YES;
				CLANG_WARN_OBJC_IMPLICIT_RETAIN_SELF = YES;
				CLANG_WARN_OBJC_LITERAL_CONVERSION = YES;
				CLANG_WARN_OBJC_ROOT_CLASS = YES_ERROR;
				CLANG_WARN_QUOTED_INCLUDE_IN_FRAMEWORK_HEADER = YES;
				CLANG_WARN_RANGE_LOOP_ANALYSIS = YES;
				CLANG_WARN_STRICT_PROTOTYPES = YES;
				CLANG_WARN_SUSPICIOUS_MOVE = YES;
				CLANG_WARN_UNGUARDED_AVAILABILITY = YES_AGGRESSIVE;
				CLANG_WARN_UNREACHABLE_CODE = YES;
				CLANG_WARN__DUPLICATE_METHOD_MATCH = YES;
				COPY_PHASE_STRIP = NO;
				DEBUG_INFORMATION_FORMAT = "dwarf-with-dsym";
				ENABLE_NS_ASSERTIONS = NO;
				ENABLE_STRICT_OBJC_MSGSEND = YES;
				GCC_C_LANGUAGE_STANDARD = gnu11;
				GCC_NO_COMMON_BLOCKS = YES;
				GCC_WARN_64_TO_32_BIT_CONVERSION = YES;
				GCC_WARN_ABOUT_RETURN_TYPE = YES_ERROR;
				GCC_WARN_UNDECLARED_SELECTOR = YES;
				GCC_WARN_UNINITIALIZED_AUTOS = YES_AGGRESSIVE;
				GCC_WARN_UNUSED_FUNCTION = YES;
				GCC_WARN_UNUSED_VARIABLE = YES;
				IPHONEOS_DEPLOYMENT_TARGET = 14.4;
				MTL_ENABLE_DEBUG_INFO = NO;
				MTL_FAST_MATH = YES;
				SDKROOT = iphoneos;
				SWIFT_COMPILATION_MODE = wholemodule;
				SWIFT_OPTIMIZATION_LEVEL = "-O";
				VALIDATE_PRODUCT = YES;
			};
			name = Release;
		};
		91E3CA3F260318EB009ADE9F /* Debug */ = {
			isa = XCBuildConfiguration;
			buildSettings = {
				ASSETCATALOG_COMPILER_APPICON_NAME = AppIcon;
				ASSETCATALOG_COMPILER_GLOBAL_ACCENT_COLOR_NAME = AccentColor;
				CODE_SIGN_STYLE = Automatic;
				INFOPLIST_FILE = "Course Registration/Info.plist";
				LD_RUNPATH_SEARCH_PATHS = (
					"$(inherited)",
					"@executable_path/Frameworks",
				);
				PRODUCT_BUNDLE_IDENTIFIER = "co.arr.Course-Registration";
				PRODUCT_NAME = "$(TARGET_NAME)";
				SWIFT_VERSION = 5.0;
				TARGETED_DEVICE_FAMILY = "1,2";
			};
			name = Debug;
		};
		91E3CA40260318EB009ADE9F /* Release */ = {
			isa = XCBuildConfiguration;
			buildSettings = {
				ASSETCATALOG_COMPILER_APPICON_NAME = AppIcon;
				ASSETCATALOG_COMPILER_GLOBAL_ACCENT_COLOR_NAME = AccentColor;
				CODE_SIGN_STYLE = Automatic;
				INFOPLIST_FILE = "Course Registration/Info.plist";
				LD_RUNPATH_SEARCH_PATHS = (
					"$(inherited)",
					"@executable_path/Frameworks",
				);
				PRODUCT_BUNDLE_IDENTIFIER = "co.arr.Course-Registration";
				PRODUCT_NAME = "$(TARGET_NAME)";
				SWIFT_VERSION = 5.0;
				TARGETED_DEVICE_FAMILY = "1,2";
			};
			name = Release;
		};
/* End XCBuildConfiguration section */

/* Begin XCConfigurationList section */
		91E3CA25260318E9009ADE9F /* Build configuration list for PBXProject "Course Registration" */ = {
			isa = XCConfigurationList;
			buildConfigurations = (
				91E3CA3C260318EB009ADE9F /* Debug */,
				91E3CA3D260318EB009ADE9F /* Release */,
			);
			defaultConfigurationIsVisible = 0;
			defaultConfigurationName = Release;
		};
		91E3CA3E260318EB009ADE9F /* Build configuration list for PBXNativeTarget "Course Registration" */ = {
			isa = XCConfigurationList;
			buildConfigurations = (
				91E3CA3F260318EB009ADE9F /* Debug */,
				91E3CA40260318EB009ADE9F /* Release */,
			);
			defaultConfigurationIsVisible = 0;
			defaultConfigurationName = Release;
		};
/* End XCConfigurationList section */
	};
	rootObject = 91E3CA22260318E9009ADE9F /* Project object */;
}
